
Microsoft Visual Studio Solution File, Format Version 12.00
# Visual Studio Version 16
VisualStudioVersion = 16.0.30503.244
MinimumVisualStudioVersion = 10.0.40219.1
Project("{FAE04EC0-301F-11D3-BF4B-00C04F79EFBC}") = "ontap1", "ontap1\ontap1.csproj", "{CE58CB39-6259-4E74-BDED-3F7E6F0F2255}"
EndProject
Global
	GlobalSection(SolutionConfigurationPlatforms) = preSolution
		Debug|Any CPU = Debug|Any CPU
		Release|Any CPU = Release|Any CPU
	EndGlobalSection
	GlobalSection(ProjectConfigurationPlatforms) = postSolution
		{CE58CB39-6259-4E74-BDED-3F7E6F0F2255}.Debug|Any CPU.ActiveCfg = Debug|Any CPU
		{CE58CB39-6259-4E74-BDED-3F7E6F0F2255}.Debug|Any CPU.Build.0 = Debug|Any CPU
		{CE58CB39-6259-4E74-BDED-3F7E6F0F2255}.Release|Any CPU.ActiveCfg = Release|Any CPU
		{CE58CB39-6259-4E74-BDED-3F7E6F0F2255}.Release|Any CPU.Build.0 = Release|Any CPU
	EndGlobalSection
	GlobalSection(SolutionProperties) = preSolution
		HideSolutionNode = FALSE
	EndGlobalSection
	GlobalSection(ExtensibilityGlobals) = postSolution
		SolutionGuid = {F4DAB7EE-4018-4A52-8E5D-ACBA37566609}
	EndGlobalSection
EndGlobal
